// !$*UTF8*$!
{
	archiveVersion = 1;
	classes = {
	};
	objectVersion = 56;
	objects = {

/* Begin PBXBuildFile section */
		8A852EFE2F85DB4A0063D17E /* StreamScoutApp.swift in Sources */ = {isa = PBXBuildFile; fileRef = 8A852EFD2F85DB4A0063D17E /* StreamScoutApp.swift */; };
		8A852F002F85DB4A0063D17E /* Persistence.swift in Sources */ = {isa = PBXBuildFile; fileRef = 8A852EFF2F85DB4A0063D17E /* Persistence.swift */; };
		8A852F032F85DB4A0063D17E /* StreamScout.xcdatamodeld in Sources */ = {isa = PBXBuildFile; fileRef = 8A852F012F85DB4A0063D17E /* StreamScout.xcdatamodeld */; };
		8A852F052F85DB4A0063D17E /* ContentView.swift in Sources */ = {isa = PBXBuildFile; fileRef = 8A852F042F85DB4A0063D17E /* ContentView.swift */; };
		8A852F062F85DB4A0063D17E /* APIModels.swift in Sources */ = {isa = PBXBuildFile; fileRef = 8A852F612F85DB4A0063D17E /* APIModels.swift */; };
		8A852F072F85DB4C0063D17E /* Assets.xcassets in Resources */ = {isa = PBXBuildFile; fileRef = 8A852F062F85DB4C0063D17E /* Assets.xcassets */; };
		8A852F0B2F85DB4C0063D17E /* Preview Assets.xcassets in Resources */ = {isa = PBXBuildFile; fileRef = 8A852F0A2F85DB4C0063D17E /* Preview Assets.xcassets */; };
		8A852F152F85DB4C0063D17E /* StreamScoutTests.swift in Sources */ = {isa = PBXBuildFile; fileRef = 8A852F142F85DB4C0063D17E /* StreamScoutTests.swift */; };
		8A852F1F2F85DB4C0063D17E /* StreamScoutUITests.swift in Sources */ = {isa = PBXBuildFile; fileRef = 8A852F1E2F85DB4C0063D17E /* StreamScoutUITests.swift */; };
		8A852F212F85DB4C0063D17E /* StreamScoutUITestsLaunchTests.swift in Sources */ = {isa = PBXBuildFile; fileRef = 8A852F202F85DB4C0063D17E /* StreamScoutUITestsLaunchTests.swift */; };
/* End PBXBuildFile section */

/* Begin PBXContainerItemProxy section */
		8A852F112F85DB4C0063D17E /* PBXContainerItemProxy */ = {
			isa = PBXContainerItemProxy;
			containerPortal = 8A852EF22F85DB4A0063D17E /* Project object */;
			proxyType = 1;
			remoteGlobalIDString = 8A852EF92F85DB4A0063D17E;
			remoteInfo = StreamScout;
		};
		8A852F1B2F85DB4C0063D17E /* PBXContainerItemProxy */ = {
			isa = PBXContainerItemProxy;
			containerPortal = 8A852EF22F85DB4A0063D17E /* Project object */;
			proxyType = 1;
			remoteGlobalIDString = 8A852EF92F85DB4A0063D17E;
			remoteInfo = StreamScout;
		};
/* End PBXContainerItemProxy section */

/* Begin PBXFileReference section */
		8A852EFA2F85DB4A0063D17E /* StreamScout.app */ = {isa = PBXFileReference; explicitFileType = wrapper.application; includeInIndex = 0; path = StreamScout.app; sourceTree = BUILT_PRODUCTS_DIR; };
		8A852EFD2F85DB4A0063D17E /* StreamScoutApp.swift */ = {isa = PBXFileReference; lastKnownFileType = sourcecode.swift; path = StreamScoutApp.swift; sourceTree = "<group>"; };
		8A852EFF2F85DB4A0063D17E /* Persistence.swift */ = {isa = PBXFileReference; lastKnownFileType = sourcecode.swift; path = Persistence.swift; sourceTree = "<group>"; };
		8A852F022F85DB4A0063D17E /* StreamScout.xcdatamodel */ = {isa = PBXFileReference; lastKnownFileType = wrapper.xcdatamodel; path = StreamScout.xcdatamodel; sourceTree = "<group>"; };
		8A852F042F85DB4A0063D17E /* ContentView.swift */ = {isa = PBXFileReference; lastKnownFileType = sourcecode.swift; path = ContentView.swift; sourceTree = "<group>"; };
		8A852F062F85DB4C0063D17E /* Assets.xcassets */ = {isa = PBXFileReference; lastKnownFileType = folder.assetcatalog; path = Assets.xcassets; sourceTree = "<group>"; };
		8A852F082F85DB4C0063D17E /* StreamScout.entitlements */ = {isa = PBXFileReference; lastKnownFileType = text.plist.entitlements; path = StreamScout.entitlements; sourceTree = "<group>"; };
		8A852F0A2F85DB4C0063D17E /* Preview Assets.xcassets */ = {isa = PBXFileReference; lastKnownFileType = folder.assetcatalog; path = "Preview Assets.xcassets"; sourceTree = "<group>"; };
		8A852F102F85DB4C0063D17E /* StreamScoutTests.xctest */ = {isa = PBXFileReference; explicitFileType = wrapper.cfbundle; includeInIndex = 0; path = StreamScoutTests.xctest; sourceTree = BUILT_PRODUCTS_DIR; };
		8A852F142F85DB4C0063D17E /* StreamScoutTests.swift */ = {isa = PBXFileReference; lastKnownFileType = sourcecode.swift; path = StreamScoutTests.swift; sourceTree = "<group>"; };
		8A852F1A2F85DB4C0063D17E /* StreamScoutUITests.xctest */ = {isa = PBXFileReference; explicitFileType = wrapper.cfbundle; includeInIndex = 0; path = StreamScoutUITests.xctest; sourceTree = BUILT_PRODUCTS_DIR; };
		8A852F1E2F85DB4C0063D17E /* StreamScoutUITests.swift */ = {isa = PBXFileReference; lastKnownFileType = sourcecode.swift; path = StreamScoutUITests.swift; sourceTree = "<group>"; };
		8A852F202F85DB4C0063D17E /* StreamScoutUITestsLaunchTests.swift */ = {isa = PBXFileReference; lastKnownFileType = sourcecode.swift; path = StreamScoutUITestsLaunchTests.swift; sourceTree = "<group>"; };
		8A852F612F85DB4A0063D17E /* APIModels.swift */ = {isa = PBXFileReference; lastKnownFileType = sourcecode.swift; path = APIModels.swift; sourceTree = "<group>"; };
/* End PBXFileReference section */

/* Begin PBXFrameworksBuildPhase section */
		8A852EF72F85DB4A0063D17E /* Frameworks */ = {
			isa = PBXFrameworksBuildPhase;
			buildActionMask = 2147483647;
			files = (
			);
			runOnlyForDeploymentPostprocessing = 0;
		};
		8A852F0D2F85DB4C0063D17E /* Frameworks */ = {
			isa = PBXFrameworksBuildPhase;
			buildActionMask = 2147483647;
			files = (
			);
			runOnlyForDeploymentPostprocessing = 0;
		};
		8A852F172F85DB4C0063D17E /* Frameworks */ = {
			isa = PBXFrameworksBuildPhase;
			buildActionMask = 2147483647;
			files = (
			);
			runOnlyForDeploymentPostprocessing = 0;
		};
/* End PBXFrameworksBuildPhase section */

/* Begin PBXGroup section */
		8A852EF12F85DB4A0063D17E = {
			isa = PBXGroup;
			children = (
				8A852EFC2F85DB4A0063D17E /* StreamScout */,
				8A852F132F85DB4C0063D17E /* StreamScoutTests */,
				8A852F1D2F85DB4C0063D17E /* StreamScoutUITests */,
				8A852EFB2F85DB4A0063D17E /* Products */,
			);
			sourceTree = "<group>";
		};
		8A852EFB2F85DB4A0063D17E /* Products */ = {
			isa = PBXGroup;
			children = (
				8A852EFA2F85DB4A0063D17E /* StreamScout.app */,
				8A852F102F85DB4C0063D17E /* StreamScoutTests.xctest */,
				8A852F1A2F85DB4C0063D17E /* StreamScoutUITests.xctest */,
			);
			name = Products;
			sourceTree = "<group>";
		};
		8A852EFC2F85DB4A0063D17E /* StreamScout */ = {
			isa = PBXGroup;
			children = (
				8A852EFD2F85DB4A0063D17E /* StreamScoutApp.swift */,
				8A852EFF2F85DB4A0063D17E /* Persistence.swift */,
				8A852F042F85DB4A0063D17E /* ContentView.swift */,
				8A852F612F85DB4A0063D17E /* APIModels.swift */,
				8A852F062F85DB4C0063D17E /* Assets.xcassets */,
				8A852F082F85DB4C0063D17E /* StreamScout.entitlements */,
				8A852F012F85DB4A0063D17E /* StreamScout.xcdatamodeld */,
				8A852F092F85DB4C0063D17E /* Preview Content */,
			);
			path = StreamScout;
			sourceTree = "<group>";
		};
		8A852F092F85DB4C0063D17E /* Preview Content */ = {
			isa = PBXGroup;
			children = (
				8A852F0A2F85DB4C0063D17E /* Preview Assets.xcassets */,
			);
			path = "Preview Content";
			sourceTree = "<group>";
		};
		8A852F132F85DB4C0063D17E /* StreamScoutTests */ = {
			isa = PBXGroup;
			children = (
				8A852F142F85DB4C0063D17E /* StreamScoutTests.swift */,
			);
			path = StreamScoutTests;
			sourceTree = "<group>";
		};
		8A852F1D2F85DB4C0063D17E /* StreamScoutUITests */ = {
			isa = PBXGroup;
			children = (
				8A852F1E2F85DB4C0063D17E /* StreamScoutUITests.swift */,
				8A852F202F85DB4C0063D17E /* StreamScoutUITestsLaunchTests.swift */,
			);
			path = StreamScoutUITests;
			sourceTree = "<group>";
		};
/* End PBXGroup section */

/* Begin PBXNativeTarget section */
		8A852EF92F85DB4A0063D17E /* StreamScout */ = {
			isa = PBXNativeTarget;
			buildConfigurationList = 8A852F242F85DB4C0063D17E /* Build configuration list for PBXNativeTarget "StreamScout" */;
			buildPhases = (
				8A852EF62F85DB4A0063D17E /* Sources */,
				8A852EF72F85DB4A0063D17E /* Frameworks */,
				8A852EF82F85DB4A0063D17E /* Resources */,
			);
			buildRules = (
			);
			dependencies = (
			);
			name = StreamScout;
			productName = StreamScout;
			productReference = 8A852EFA2F85DB4A0063D17E /* StreamScout.app */;
			productType = "com.apple.product-type.application";
		};
		8A852F0F2F85DB4C0063D17E /* StreamScoutTests */ = {
			isa = PBXNativeTarget;
			buildConfigurationList = 8A852F272F85DB4C0063D17E /* Build configuration list for PBXNativeTarget "StreamScoutTests" */;
			buildPhases = (
				8A852F0C2F85DB4C0063D17E /* Sources */,
				8A852F0D2F85DB4C0063D17E /* Frameworks */,
				8A852F0E2F85DB4C0063D17E /* Resources */,
			);
			buildRules = (
			);
			dependencies = (
				8A852F122F85DB4C0063D17E /* PBXTargetDependency */,
			);
			name = StreamScoutTests;
			productName = StreamScoutTests;
			productReference = 8A852F102F85DB4C0063D17E /* StreamScoutTests.xctest */;
			productType = "com.apple.product-type.bundle.unit-test";
		};
		8A852F192F85DB4C0063D17E /* StreamScoutUITests */ = {
			isa = PBXNativeTarget;
			buildConfigurationList = 8A852F2A2F85DB4C0063D17E /* Build configuration list for PBXNativeTarget "StreamScoutUITests" */;
			buildPhases = (
				8A852F162F85DB4C0063D17E /* Sources */,
				8A852F172F85DB4C0063D17E /* Frameworks */,
				8A852F182F85DB4C0063D17E /* Resources */,
			);
			buildRules = (
			);
			dependencies = (
				8A852F1C2F85DB4C0063D17E /* PBXTargetDependency */,
			);
			name = StreamScoutUITests;
			productName = StreamScoutUITests;
			productReference = 8A852F1A2F85DB4C0063D17E /* StreamScoutUITests.xctest */;
			productType = "com.apple.product-type.bundle.ui-testing";
		};
/* End PBXNativeTarget section */

/* Begin PBXProject section */
		8A852EF22F85DB4A0063D17E /* Project object */ = {
			isa = PBXProject;
			attributes = {
				BuildIndependentTargetsInParallel = 1;
				LastSwiftUpdateCheck = 1420;
				LastUpgradeCheck = 1640;
				TargetAttributes = {
					8A852EF92F85DB4A0063D17E = {
						CreatedOnToolsVersion = 14.2;
					};
					8A852F0F2F85DB4C0063D17E = {
						CreatedOnToolsVersion = 14.2;
						TestTargetID = 8A852EF92F85DB4A0063D17E;
					};
					8A852F192F85DB4C0063D17E = {
						CreatedOnToolsVersion = 14.2;
						TestTargetID = 8A852EF92F85DB4A0063D17E;
					};
				};
			};
			buildConfigurationList = 8A852EF52F85DB4A0063D17E /* Build configuration list for PBXProject "StreamScout" */;
			compatibilityVersion = "Xcode 14.0";
			developmentRegion = en;
			hasScannedForEncodings = 0;
			knownRegions = (
				en,
				Base,
			);
			mainGroup = 8A852EF12F85DB4A0063D17E;
			productRefGroup = 8A852EFB2F85DB4A0063D17E /* Products */;
			projectDirPath = "";
			projectRoot = "";
			targets = (
				8A852EF92F85DB4A0063D17E /* StreamScout */,
				8A852F0F2F85DB4C0063D17E /* StreamScoutTests */,
				8A852F192F85DB4C0063D17E /* StreamScoutUITests */,
			);
		};
/* End PBXProject section */

/* Begin PBXResourcesBuildPhase section */
		8A852EF82F85DB4A0063D17E /* Resources */ = {
			isa = PBXResourcesBuildPhase;
			buildActionMask = 2147483647;
			files = (
				8A852F0B2F85DB4C0063D17E /* Preview Assets.xcassets in Resources */,
				8A852F072F85DB4C0063D17E /* Assets.xcassets in Resources */,
			);
			runOnlyForDeploymentPostprocessing = 0;
		};
		8A852F0E2F85DB4C0063D17E /* Resources */ = {
			isa = PBXResourcesBuildPhase;
			buildActionMask = 2147483647;
			files = (
			);
			runOnlyForDeploymentPostprocessing = 0;
		};
		8A852F182F85DB4C0063D17E /* Resources */ = {
			isa = PBXResourcesBuildPhase;
			buildActionMask = 2147483647;
			files = (
			);
			runOnlyForDeploymentPostprocessing = 0;
		};
/* End PBXResourcesBuildPhase section */

/* Begin PBXSourcesBuildPhase section */
		8A852EF62F85DB4A0063D17E /* Sources */ = {
			isa = PBXSourcesBuildPhase;
			buildActionMask = 2147483647;
			files = (
				8A852EFE2F85DB4A0063D17E /* StreamScoutApp.swift in Sources */,
				8A852F002F85DB4A0063D17E /* Persistence.swift in Sources */,
				8A852F052F85DB4A0063D17E /* ContentView.swift in Sources */,
				8A852F062F85DB4A0063D17E /* APIModels.swift in Sources */,
				8A852F032F85DB4A0063D17E /* StreamScout.xcdatamodeld in Sources */,
			);
			runOnlyForDeploymentPostprocessing = 0;
		};
		8A852F0C2F85DB4C0063D17E /* Sources */ = {
			isa = PBXSourcesBuildPhase;
			buildActionMask = 2147483647;
			files = (
				8A852F152F85DB4C0063D17E /* StreamScoutTests.swift in Sources */,
			);
			runOnlyForDeploymentPostprocessing = 0;
		};
		8A852F162F85DB4C0063D17E /* Sources */ = {
			isa = PBXSourcesBuildPhase;
			buildActionMask = 2147483647;
			files = (
				8A852F212F85DB4C0063D17E /* StreamScoutUITestsLaunchTests.swift in Sources */,
				8A852F1F2F85DB4C0063D17E /* StreamScoutUITests.swift in Sources */,
			);
			runOnlyForDeploymentPostprocessing = 0;
		};
/* End PBXSourcesBuildPhase section */

/* Begin PBXTargetDependency section */
		8A852F122F85DB4C0063D17E /* PBXTargetDependency */ = {
			isa = PBXTargetDependency;
			target = 8A852EF92F85DB4A0063D17E /* StreamScout */;
			targetProxy = 8A852F112F85DB4C0063D17E /* PBXContainerItemProxy */;
		};
		8A852F1C2F85DB4C0063D17E /* PBXTargetDependency */ = {
			isa = PBXTargetDependency;
			target = 8A852EF92F85DB4A0063D17E /* StreamScout */;
			targetProxy = 8A852F1B2F85DB4C0063D17E /* PBXContainerItemProxy */;
		};
/* End PBXTargetDependency section */

/* Begin XCBuildConfiguration section */
		8A852F222F85DB4C0063D17E /* Debug */ = {
			isa = XCBuildConfiguration;
			buildSettings = {
				ALWAYS_SEARCH_USER_PATHS = NO;
				ASSETCATALOG_COMPILER_GENERATE_SWIFT_ASSET_SYMBOL_EXTENSIONS = YES;
				CLANG_ANALYZER_NONNULL = YES;
				CLANG_ANALYZER_NUMBER_OBJECT_CONVERSION = YES_AGGRESSIVE;
				CLANG_CXX_LANGUAGE_STANDARD = "gnu++20";
				CLANG_ENABLE_MODULES = YES;
				CLANG_ENABLE_OBJC_ARC = YES;
				CLANG_ENABLE_OBJC_WEAK = YES;
				CLANG_WARN_BLOCK_CAPTURE_AUTORELEASING = YES;
				CLANG_WARN_BOOL_CONVERSION = YES;
				CLANG_WARN_COMMA = YES;
				CLANG_WARN_CONSTANT_CONVERSION = YES;
				CLANG_WARN_DEPRECATED_OBJC_IMPLEMENTATIONS = YES;
				CLANG_WARN_DIRECT_OBJC_ISA_USAGE = YES_ERROR;
				CLANG_WARN_DOCUMENTATION_COMMENTS = YES;
				CLANG_WARN_EMPTY_BODY = YES;
				CLANG_WARN_ENUM_CONVERSION = YES;
				CLANG_WARN_INFINITE_RECURSION = YES;
				CLANG_WARN_INT_CONVERSION = YES;
				CLANG_WARN_NON_LITERAL_NULL_CONVERSION = YES;
				CLANG_WARN_OBJC_IMPLICIT_RETAIN_SELF = YES;
				CLANG_WARN_OBJC_LITERAL_CONVERSION = YES;
				CLANG_WARN_OBJC_ROOT_CLASS = YES_ERROR;
				CLANG_WARN_QUOTED_INCLUDE_IN_FRAMEWORK_HEADER = YES;
				CLANG_WARN_RANGE_LOOP_ANALYSIS = YES;
				CLANG_WARN_STRICT_PROTOTYPES = YES;
				CLANG_WARN_SUSPICIOUS_MOVE = YES;
				CLANG_WARN_UNGUARDED_AVAILABILITY = YES_AGGRESSIVE;
				CLANG_WARN_UNREACHABLE_CODE = YES;
				CLANG_WARN__DUPLICATE_METHOD_MATCH = YES;
				COPY_PHASE_STRIP = NO;
				DEAD_CODE_STRIPPING = YES;
				DEBUG_INFORMATION_FORMAT = dwarf;
				ENABLE_STRICT_OBJC_MSGSEND = YES;
				ENABLE_TESTABILITY = YES;
				ENABLE_USER_SCRIPT_SANDBOXING = YES;
				GCC_C_LANGUAGE_STANDARD = gnu11;
				GCC_DYNAMIC_NO_PIC = NO;
				GCC_NO_COMMON_BLOCKS = YES;
				GCC_OPTIMIZATION_LEVEL = 0;
				GCC_PREPROCESSOR_DEFINITIONS = (
					"DEBUG=1",
					"$(inherited)",
				);
				GCC_WARN_64_TO_32_BIT_CONVERSION = YES;
				GCC_WARN_ABOUT_RETURN_TYPE = YES_ERROR;
				GCC_WARN_UNDECLARED_SELECTOR = YES;
				GCC_WARN_UNINITIALIZED_AUTOS = YES_AGGRESSIVE;
				GCC_WARN_UNUSED_FUNCTION = YES;
				GCC_WARN_UNUSED_VARIABLE = YES;
				MTL_ENABLE_DEBUG_INFO = INCLUDE_SOURCE;
				MTL_FAST_MATH = YES;
				ONLY_ACTIVE_ARCH = YES;
				SWIFT_ACTIVE_COMPILATION_CONDITIONS = DEBUG;
				SWIFT_OPTIMIZATION_LEVEL = "-Onone";
			};
			name = Debug;
		};
		8A852F232F85DB4C0063D17E /* Release */ = {
			isa = XCBuildConfiguration;
			buildSettings = {
				ALWAYS_SEARCH_USER_PATHS = NO;
				ASSETCATALOG_COMPILER_GENERATE_SWIFT_ASSET_SYMBOL_EXTENSIONS = YES;
				CLANG_ANALYZER_NONNULL = YES;
				CLANG_ANALYZER_NUMBER_OBJECT_CONVERSION = YES_AGGRESSIVE;
				CLANG_CXX_LANGUAGE_STANDARD = "gnu++20";
				CLANG_ENABLE_MODULES = YES;
				CLANG_ENABLE_OBJC_ARC = YES;
				CLANG_ENABLE_OBJC_WEAK = YES;
				CLANG_WARN_BLOCK_CAPTURE_AUTORELEASING = YES;
				CLANG_WARN_BOOL_CONVERSION = YES;
				CLANG_WARN_COMMA = YES;
				CLANG_WARN_CONSTANT_CONVERSION = YES;
				CLANG_WARN_DEPRECATED_OBJC_IMPLEMENTATIONS = YES;
				CLANG_WARN_DIRECT_OBJC_ISA_USAGE = YES_ERROR;
				CLANG_WARN_DOCUMENTATION_COMMENTS = YES;
				CLANG_WARN_EMPTY_BODY = YES;
				CLANG_WARN_ENUM_CONVERSION = YES;
				CLANG_WARN_INFINITE_RECURSION = YES;
				CLANG_WARN_INT_CONVERSION = YES;
				CLANG_WARN_NON_LITERAL_NULL_CONVERSION = YES;
				CLANG_WARN_OBJC_IMPLICIT_RETAIN_SELF = YES;
				CLANG_WARN_OBJC_LITERAL_CONVERSION = YES;
				CLANG_WARN_OBJC_ROOT_CLASS = YES_ERROR;
				CLANG_WARN_QUOTED_INCLUDE_IN_FRAMEWORK_HEADER = YES;
				CLANG_WARN_RANGE_LOOP_ANALYSIS = YES;
				CLANG_WARN_STRICT_PROTOTYPES = YES;
				CLANG_WARN_SUSPICIOUS_MOVE = YES;
				CLANG_WARN_UNGUARDED_AVAILABILITY = YES_AGGRESSIVE;
				CLANG_WARN_UNREACHABLE_CODE = YES;
				CLANG_WARN__DUPLICATE_METHOD_MATCH = YES;
				COPY_PHASE_STRIP = NO;
				DEAD_CODE_STRIPPING = YES;
				DEBUG_INFORMATION_FORMAT = "dwarf-with-dsym";
				ENABLE_NS_ASSERTIONS = NO;
				ENABLE_STRICT_OBJC_MSGSEND = YES;
				ENABLE_USER_SCRIPT_SANDBOXING = YES;
				GCC_C_LANGUAGE_STANDARD = gnu11;
				GCC_NO_COMMON_BLOCKS = YES;
				GCC_WARN_64_TO_32_BIT_CONVERSION = YES;
				GCC_WARN_ABOUT_RETURN_TYPE = YES_ERROR;
				GCC_WARN_UNDECLARED_SELECTOR = YES;
				GCC_WARN_UNINITIALIZED_AUTOS = YES_AGGRESSIVE;
				GCC_WARN_UNUSED_FUNCTION = YES;
				GCC_WARN_UNUSED_VARIABLE = YES;
				MTL_ENABLE_DEBUG_INFO = NO;
				MTL_FAST_MATH = YES;
				SWIFT_COMPILATION_MODE = wholemodule;
				SWIFT_OPTIMIZATION_LEVEL = "-O";
			};
			name = Release;
		};
		8A852F252F85DB4C0063D17E /* Debug */ = {
			isa = XCBuildConfiguration;
			buildSettings = {
				ASSETCATALOG_COMPILER_APPICON_NAME = AppIcon;
				ASSETCATALOG_COMPILER_GLOBAL_ACCENT_COLOR_NAME = AccentColor;
				CODE_SIGN_ENTITLEMENTS = StreamScout/StreamScout.entitlements;
				"CODE_SIGN_IDENTITY[sdk=macosx*]" = "-";
				CODE_SIGN_STYLE = Automatic;
				CURRENT_PROJECT_VERSION = 1;
				DEAD_CODE_STRIPPING = YES;
				DEVELOPMENT_ASSET_PATHS = "\"StreamScout/Preview Content\"";
				DEVELOPMENT_TEAM = 4DKL5S4CND;
				ENABLE_PREVIEWS = YES;
				GENERATE_INFOPLIST_FILE = YES;
				"INFOPLIST_KEY_UIApplicationSceneManifest_Generation[sdk=iphoneos*]" = YES;
				"INFOPLIST_KEY_UIApplicationSceneManifest_Generation[sdk=iphonesimulator*]" = YES;
				"INFOPLIST_KEY_UIApplicationSupportsIndirectInputEvents[sdk=iphoneos*]" = YES;
				"INFOPLIST_KEY_UIApplicationSupportsIndirectInputEvents[sdk=iphonesimulator*]" = YES;
				"INFOPLIST_KEY_UILaunchScreen_Generation[sdk=iphoneos*]" = YES;
				"INFOPLIST_KEY_UILaunchScreen_Generation[sdk=iphonesimulator*]" = YES;
				"INFOPLIST_KEY_UIStatusBarStyle[sdk=iphoneos*]" = UIStatusBarStyleDefault;
				"INFOPLIST_KEY_UIStatusBarStyle[sdk=iphonesimulator*]" = UIStatusBarStyleDefault;
				INFOPLIST_KEY_UISupportedInterfaceOrientations_iPad = "UIInterfaceOrientationPortrait UIInterfaceOrientationPortraitUpsideDown UIInterfaceOrientationLandscapeLeft UIInterfaceOrientationLandscapeRight";
				INFOPLIST_KEY_UISupportedInterfaceOrientations_iPhone = "UIInterfaceOrientationPortrait UIInterfaceOrientationLandscapeLeft UIInterfaceOrientationLandscapeRight";
				IPHONEOS_DEPLOYMENT_TARGET = 16.2;
				LD_RUNPATH_SEARCH_PATHS = "@executable_path/Frameworks";
				"LD_RUNPATH_SEARCH_PATHS[sdk=macosx*]" = "@executable_path/../Frameworks";
				MACOSX_DEPLOYMENT_TARGET = 12.6;
				MARKETING_VERSION = 1.0;
				"PRODUCT_BUNDLE_IDENTIFIER[sdk=iphoneos*]" = com.diondavid.streamscout;
				PRODUCT_NAME = "$(TARGET_NAME)";
				SDKROOT = auto;
				SUPPORTED_PLATFORMS = "iphoneos iphonesimulator macosx";
				SWIFT_EMIT_LOC_STRINGS = YES;
				SWIFT_VERSION = 5.0;
				TARGETED_DEVICE_FAMILY = "1,2";
			};
			name = Debug;
		};
		8A852F262F85DB4C0063D17E /* Release */ = {
			isa = XCBuildConfiguration;
			buildSettings = {
				ASSETCATALOG_COMPILER_APPICON_NAME = AppIcon;
				ASSETCATALOG_COMPILER_GLOBAL_ACCENT_COLOR_NAME = AccentColor;
				CODE_SIGN_ENTITLEMENTS = StreamScout/StreamScout.entitlements;
				"CODE_SIGN_IDENTITY[sdk=macosx*]" = "-";
				CODE_SIGN_STYLE = Automatic;
				CURRENT_PROJECT_VERSION = 1;
				DEAD_CODE_STRIPPING = YES;
				DEVELOPMENT_ASSET_PATHS = "\"StreamScout/Preview Content\"";
				DEVELOPMENT_TEAM = 4DKL5S4CND;
				ENABLE_PREVIEWS = YES;
				GENERATE_INFOPLIST_FILE = YES;
				"INFOPLIST_KEY_UIApplicationSceneManifest_Generation[sdk=iphoneos*]" = YES;
				"INFOPLIST_KEY_UIApplicationSceneManifest_Generation[sdk=iphonesimulator*]" = YES;
				"INFOPLIST_KEY_UIApplicationSupportsIndirectInputEvents[sdk=iphoneos*]" = YES;
				"INFOPLIST_KEY_UIApplicationSupportsIndirectInputEvents[sdk=iphonesimulator*]" = YES;
				"INFOPLIST_KEY_UILaunchScreen_Generation[sdk=iphoneos*]" = YES;
				"INFOPLIST_KEY_UILaunchScreen_Generation[sdk=iphonesimulator*]" = YES;
				"INFOPLIST_KEY_UIStatusBarStyle[sdk=iphoneos*]" = UIStatusBarStyleDefault;
				"INFOPLIST_KEY_UIStatusBarStyle[sdk=iphonesimulator*]" = UIStatusBarStyleDefault;
				INFOPLIST_KEY_UISupportedInterfaceOrientations_iPad = "UIInterfaceOrientationPortrait UIInterfaceOrientationPortraitUpsideDown UIInterfaceOrientationLandscapeLeft UIInterfaceOrientationLandscapeRight";
				INFOPLIST_KEY_UISupportedInterfaceOrientations_iPhone = "UIInterfaceOrientationPortrait UIInterfaceOrientationLandscapeLeft UIInterfaceOrientationLandscapeRight";
				IPHONEOS_DEPLOYMENT_TARGET = 16.2;
				LD_RUNPATH_SEARCH_PATHS = "@executable_path/Frameworks";
				"LD_RUNPATH_SEARCH_PATHS[sdk=macosx*]" = "@executable_path/../Frameworks";
				MACOSX_DEPLOYMENT_TARGET = 12.6;
				MARKETING_VERSION = 1.0;
				"PRODUCT_BUNDLE_IDENTIFIER[sdk=iphoneos*]" = com.diondavid.streamscout;
				PRODUCT_NAME = "$(TARGET_NAME)";
				SDKROOT = auto;
				SUPPORTED_PLATFORMS = "iphoneos iphonesimulator macosx";
				SWIFT_EMIT_LOC_STRINGS = YES;
				SWIFT_VERSION = 5.0;
				TARGETED_DEVICE_FAMILY = "1,2";
			};
			name = Release;
		};
		8A852F282F85DB4C0063D17E /* Debug */ = {
			isa = XCBuildConfiguration;
			buildSettings = {
				BUNDLE_LOADER = "$(TEST_HOST)";
				CODE_SIGN_STYLE = Automatic;
				CURRENT_PROJECT_VERSION = 1;
				DEAD_CODE_STRIPPING = YES;
				GENERATE_INFOPLIST_FILE = YES;
				IPHONEOS_DEPLOYMENT_TARGET = 16.2;
				MACOSX_DEPLOYMENT_TARGET = 12.6;
				MARKETING_VERSION = 1.0;
				PRODUCT_BUNDLE_IDENTIFIER = com.myApp.StreamScoutTests;
				PRODUCT_NAME = "$(TARGET_NAME)";
				SDKROOT = auto;
				SUPPORTED_PLATFORMS = "iphoneos iphonesimulator macosx";
				SWIFT_EMIT_LOC_STRINGS = NO;
				SWIFT_VERSION = 5.0;
				TARGETED_DEVICE_FAMILY = "1,2";
				TEST_HOST = "$(BUILT_PRODUCTS_DIR)/StreamScout.app/$(BUNDLE_EXECUTABLE_FOLDER_PATH)/StreamScout";
			};
			name = Debug;
		};
		8A852F292F85DB4C0063D17E /* Release */ = {
			isa = XCBuildConfiguration;
			buildSettings = {
				BUNDLE_LOADER = "$(TEST_HOST)";
				CODE_SIGN_STYLE = Automatic;
				CURRENT_PROJECT_VERSION = 1;
				DEAD_CODE_STRIPPING = YES;
				GENERATE_INFOPLIST_FILE = YES;
				IPHONEOS_DEPLOYMENT_TARGET = 16.2;
				MACOSX_DEPLOYMENT_TARGET = 12.6;
				MARKETING_VERSION = 1.0;
				PRODUCT_BUNDLE_IDENTIFIER = com.myApp.StreamScoutTests;
				PRODUCT_NAME = "$(TARGET_NAME)";
				SDKROOT = auto;
				SUPPORTED_PLATFORMS = "iphoneos iphonesimulator macosx";
				SWIFT_EMIT_LOC_STRINGS = NO;
				SWIFT_VERSION = 5.0;
				TARGETED_DEVICE_FAMILY = "1,2";
				TEST_HOST = "$(BUILT_PRODUCTS_DIR)/StreamScout.app/$(BUNDLE_EXECUTABLE_FOLDER_PATH)/StreamScout";
			};
			name = Release;
		};
		8A852F2B2F85DB4C0063D17E /* Debug */ = {
			isa = XCBuildConfiguration;
			buildSettings = {
				CODE_SIGN_STYLE = Automatic;
				CURRENT_PROJECT_VERSION = 1;
				DEAD_CODE_STRIPPING = YES;
				GENERATE_INFOPLIST_FILE = YES;
				IPHONEOS_DEPLOYMENT_TARGET = 16.2;
				MACOSX_DEPLOYMENT_TARGET = 12.6;
				MARKETING_VERSION = 1.0;
				PRODUCT_BUNDLE_IDENTIFIER = com.myApp.StreamScoutUITests;
				PRODUCT_NAME = "$(TARGET_NAME)";
				SDKROOT = auto;
				SUPPORTED_PLATFORMS = "iphoneos iphonesimulator macosx";
				SWIFT_EMIT_LOC_STRINGS = NO;
				SWIFT_VERSION = 5.0;
				TARGETED_DEVICE_FAMILY = "1,2";
				TEST_TARGET_NAME = StreamScout;
			};
			name = Debug;
		};
		8A852F2C2F85DB4C0063D17E /* Release */ = {
			isa = XCBuildConfiguration;
			buildSettings = {
				CODE_SIGN_STYLE = Automatic;
				CURRENT_PROJECT_VERSION = 1;
				DEAD_CODE_STRIPPING = YES;
				GENERATE_INFOPLIST_FILE = YES;
				IPHONEOS_DEPLOYMENT_TARGET = 16.2;
				MACOSX_DEPLOYMENT_TARGET = 12.6;
				MARKETING_VERSION = 1.0;
				PRODUCT_BUNDLE_IDENTIFIER = com.myApp.StreamScoutUITests;
				PRODUCT_NAME = "$(TARGET_NAME)";
				SDKROOT = auto;
				SUPPORTED_PLATFORMS = "iphoneos iphonesimulator macosx";
				SWIFT_EMIT_LOC_STRINGS = NO;
				SWIFT_VERSION = 5.0;
				TARGETED_DEVICE_FAMILY = "1,2";
				TEST_TARGET_NAME = StreamScout;
			};
			name = Release;
		};
/* End XCBuildConfiguration section */

/* Begin XCConfigurationList section */
		8A852EF52F85DB4A0063D17E /* Build configuration list for PBXProject "StreamScout" */ = {
			isa = XCConfigurationList;
			buildConfigurations = (
				8A852F222F85DB4C0063D17E /* Debug */,
				8A852F232F85DB4C0063D17E /* Release */,
			);
			defaultConfigurationIsVisible = 0;
			defaultConfigurationName = Release;
		};
		8A852F242F85DB4C0063D17E /* Build configuration list for PBXNativeTarget "StreamScout" */ = {
			isa = XCConfigurationList;
			buildConfigurations = (
				8A852F252F85DB4C0063D17E /* Debug */,
				8A852F262F85DB4C0063D17E /* Release */,
			);
			defaultConfigurationIsVisible = 0;
			defaultConfigurationName = Release;
		};
		8A852F272F85DB4C0063D17E /* Build configuration list for PBXNativeTarget "StreamScoutTests" */ = {
			isa = XCConfigurationList;
			buildConfigurations = (
				8A852F282F85DB4C0063D17E /* Debug */,
				8A852F292F85DB4C0063D17E /* Release */,
			);
			defaultConfigurationIsVisible = 0;
			defaultConfigurationName = Release;
		};
		8A852F2A2F85DB4C0063D17E /* Build configuration list for PBXNativeTarget "StreamScoutUITests" */ = {
			isa = XCConfigurationList;
			buildConfigurations = (
				8A852F2B2F85DB4C0063D17E /* Debug */,
				8A852F2C2F85DB4C0063D17E /* Release */,
			);
			defaultConfigurationIsVisible = 0;
			defaultConfigurationName = Release;
		};
/* End XCConfigurationList section */

/* Begin XCVersionGroup section */
		8A852F012F85DB4A0063D17E /* StreamScout.xcdatamodeld */ = {
			isa = XCVersionGroup;
			children = (
				8A852F022F85DB4A0063D17E /* StreamScout.xcdatamodel */,
			);
			currentVersion = 8A852F022F85DB4A0063D17E /* StreamScout.xcdatamodel */;
			path = StreamScout.xcdatamodeld;
			sourceTree = "<group>";
			versionGroupType = wrapper.xcdatamodel;
		};
/* End XCVersionGroup section */
	};
	rootObject = 8A852EF22F85DB4A0063D17E /* Project object */;
}
